// !$*UTF8*$!
{
	archiveVersion = 1;
	classes = {
	};
	objectVersion = 56;
	objects = {

/* Begin PBXBuildFile section */
		834F6FD62A8DF0880079F00A /* ForceTouchSlider-SwiftUIApp.swift in Sources */ = {isa = PBXBuildFile; fileRef = 834F6FD42A8DF0880079F00A /* ForceTouchSlider-SwiftUIApp.swift */; };
		83B59A912A8D2D780090957C /* Assets.xcassets in Resources */ = {isa = PBXBuildFile; fileRef = 83B59A8B2A8D2D780090957C /* Assets.xcassets */; };
		83B59A922A8D2D780090957C /* Preview Assets.xcassets in Resources */ = {isa = PBXBuildFile; fileRef = 83B59A8D2A8D2D780090957C /* Preview Assets.xcassets */; };
		83B59A942A8D2D780090957C /* ContentView.swift in Sources */ = {isa = PBXBuildFile; fileRef = 83B59A8F2A8D2D780090957C /* ContentView.swift */; };
		83DEF5572A8DF578002018A1 /* Screenshot 2023-08-17 at 2.25.49 AM.png in Resources */ = {isa = PBXBuildFile; fileRef = 83DEF5562A8DF578002018A1 /* Screenshot 2023-08-17 at 2.25.49 AM.png */; };
/* End PBXBuildFile section */

/* Begin PBXContainerItemProxy section */
		834E1B272A8D27E300DFC49B /* PBXContainerItemProxy */ = {
			isa = PBXContainerItemProxy;
			containerPortal = 834E1B0D2A8D27E100DFC49B /* Project object */;
			proxyType = 1;
			remoteGlobalIDString = 834E1B142A8D27E100DFC49B;
			remoteInfo = swimilate;
		};
		834E1B312A8D27E300DFC49B /* PBXContainerItemProxy */ = {
			isa = PBXContainerItemProxy;
			containerPortal = 834E1B0D2A8D27E100DFC49B /* Project object */;
			proxyType = 1;
			remoteGlobalIDString = 834E1B142A8D27E100DFC49B;
			remoteInfo = swimilate;
		};
/* End PBXContainerItemProxy section */

/* Begin PBXFileReference section */
		834E1B152A8D27E100DFC49B /* ForceTouchSlider-SwiftUI.app */ = {isa = PBXFileReference; explicitFileType = wrapper.application; includeInIndex = 0; path = "ForceTouchSlider-SwiftUI.app"; sourceTree = BUILT_PRODUCTS_DIR; };
		834E1B262A8D27E300DFC49B /* ForceTouchSlider-SwiftUITests.xctest */ = {isa = PBXFileReference; explicitFileType = wrapper.cfbundle; includeInIndex = 0; path = "ForceTouchSlider-SwiftUITests.xctest"; sourceTree = BUILT_PRODUCTS_DIR; };
		834E1B302A8D27E300DFC49B /* ForceTouchSlider-SwiftUIUITests.xctest */ = {isa = PBXFileReference; explicitFileType = wrapper.cfbundle; includeInIndex = 0; path = "ForceTouchSlider-SwiftUIUITests.xctest"; sourceTree = BUILT_PRODUCTS_DIR; };
		834F6FD42A8DF0880079F00A /* ForceTouchSlider-SwiftUIApp.swift */ = {isa = PBXFileReference; fileEncoding = 4; lastKnownFileType = sourcecode.swift; path = "ForceTouchSlider-SwiftUIApp.swift"; sourceTree = "<group>"; };
		834F6FD52A8DF0880079F00A /* ForceTouchSlider-SwiftUI.entitlements */ = {isa = PBXFileReference; fileEncoding = 4; lastKnownFileType = text.plist.entitlements; path = "ForceTouchSlider-SwiftUI.entitlements"; sourceTree = "<group>"; };
		83B59A8B2A8D2D780090957C /* Assets.xcassets */ = {isa = PBXFileReference; lastKnownFileType = folder.assetcatalog; path = Assets.xcassets; sourceTree = "<group>"; };
		83B59A8D2A8D2D780090957C /* Preview Assets.xcassets */ = {isa = PBXFileReference; lastKnownFileType = folder.assetcatalog; path = "Preview Assets.xcassets"; sourceTree = "<group>"; };
		83B59A8F2A8D2D780090957C /* ContentView.swift */ = {isa = PBXFileReference; fileEncoding = 4; lastKnownFileType = sourcecode.swift; path = ContentView.swift; sourceTree = "<group>"; };
		83DEF5562A8DF578002018A1 /* Screenshot 2023-08-17 at 2.25.49 AM.png */ = {isa = PBXFileReference; lastKnownFileType = image.png; path = "Screenshot 2023-08-17 at 2.25.49 AM.png"; sourceTree = "<group>"; };
/* End PBXFileReference section */

/* Begin PBXFrameworksBuildPhase section */
		834E1B122A8D27E100DFC49B /* Frameworks */ = {
			isa = PBXFrameworksBuildPhase;
			buildActionMask = 2147483647;
			files = (
			);
			runOnlyForDeploymentPostprocessing = 0;
		};
		834E1B232A8D27E300DFC49B /* Frameworks */ = {
			isa = PBXFrameworksBuildPhase;
			buildActionMask = 2147483647;
			files = (
			);
			runOnlyForDeploymentPostprocessing = 0;
		};
		834E1B2D2A8D27E300DFC49B /* Frameworks */ = {
			isa = PBXFrameworksBuildPhase;
			buildActionMask = 2147483647;
			files = (
			);
			runOnlyForDeploymentPostprocessing = 0;
		};
/* End PBXFrameworksBuildPhase section */

/* Begin PBXGroup section */
		834E1B0C2A8D27E100DFC49B = {
			isa = PBXGroup;
			children = (
				83DEF5552A8DF56F002018A1 /* pics */,
				83B59A8A2A8D2D780090957C /* ForceTouchSlider-SwiftUI */,
				834E1B162A8D27E100DFC49B /* Products */,
			);
			sourceTree = "<group>";
		};
		834E1B162A8D27E100DFC49B /* Products */ = {
			isa = PBXGroup;
			children = (
				834E1B152A8D27E100DFC49B /* ForceTouchSlider-SwiftUI.app */,
				834E1B262A8D27E300DFC49B /* ForceTouchSlider-SwiftUITests.xctest */,
				834E1B302A8D27E300DFC49B /* ForceTouchSlider-SwiftUIUITests.xctest */,
			);
			name = Products;
			sourceTree = "<group>";
		};
		83B59A8A2A8D2D780090957C /* ForceTouchSlider-SwiftUI */ = {
			isa = PBXGroup;
			children = (
				83B59A8B2A8D2D780090957C /* Assets.xcassets */,
				83B59A8C2A8D2D780090957C /* Preview Content */,
				83B59A8F2A8D2D780090957C /* ContentView.swift */,
				834F6FD52A8DF0880079F00A /* ForceTouchSlider-SwiftUI.entitlements */,
				834F6FD42A8DF0880079F00A /* ForceTouchSlider-SwiftUIApp.swift */,
			);
			path = "ForceTouchSlider-SwiftUI";
			sourceTree = "<group>";
		};
		83B59A8C2A8D2D780090957C /* Preview Content */ = {
			isa = PBXGroup;
			children = (
				83B59A8D2A8D2D780090957C /* Preview Assets.xcassets */,
			);
			path = "Preview Content";
			sourceTree = "<group>";
		};
		83DEF5552A8DF56F002018A1 /* pics */ = {
			isa = PBXGroup;
			children = (
				83DEF5562A8DF578002018A1 /* Screenshot 2023-08-17 at 2.25.49 AM.png */,
			);
			path = pics;
			sourceTree = "<group>";
		};
/* End PBXGroup section */

/* Begin PBXNativeTarget section */
		834E1B142A8D27E100DFC49B /* ForceTouchSlider-SwiftUI */ = {
			isa = PBXNativeTarget;
			buildConfigurationList = 834E1B3A2A8D27E300DFC49B /* Build configuration list for PBXNativeTarget "ForceTouchSlider-SwiftUI" */;
			buildPhases = (
				834E1B112A8D27E100DFC49B /* Sources */,
				834E1B122A8D27E100DFC49B /* Frameworks */,
				834E1B132A8D27E100DFC49B /* Resources */,
			);
			buildRules = (
			);
			dependencies = (
			);
			name = "ForceTouchSlider-SwiftUI";
			productName = swimilate;
			productReference = 834E1B152A8D27E100DFC49B /* ForceTouchSlider-SwiftUI.app */;
			productType = "com.apple.product-type.application";
		};
		834E1B252A8D27E300DFC49B /* ForceTouchSlider-SwiftUITests */ = {
			isa = PBXNativeTarget;
			buildConfigurationList = 834E1B3D2A8D27E300DFC49B /* Build configuration list for PBXNativeTarget "ForceTouchSlider-SwiftUITests" */;
			buildPhases = (
				834E1B222A8D27E300DFC49B /* Sources */,
				834E1B232A8D27E300DFC49B /* Frameworks */,
				834E1B242A8D27E300DFC49B /* Resources */,
			);
			buildRules = (
			);
			dependencies = (
				834E1B282A8D27E300DFC49B /* PBXTargetDependency */,
			);
			name = "ForceTouchSlider-SwiftUITests";
			productName = swimilateTests;
			productReference = 834E1B262A8D27E300DFC49B /* ForceTouchSlider-SwiftUITests.xctest */;
			productType = "com.apple.product-type.bundle.unit-test";
		};
		834E1B2F2A8D27E300DFC49B /* ForceTouchSlider-SwiftUIUITests */ = {
			isa = PBXNativeTarget;
			buildConfigurationList = 834E1B402A8D27E300DFC49B /* Build configuration list for PBXNativeTarget "ForceTouchSlider-SwiftUIUITests" */;
			buildPhases = (
				834E1B2C2A8D27E300DFC49B /* Sources */,
				834E1B2D2A8D27E300DFC49B /* Frameworks */,
				834E1B2E2A8D27E300DFC49B /* Resources */,
			);
			buildRules = (
			);
			dependencies = (
				834E1B322A8D27E300DFC49B /* PBXTargetDependency */,
			);
			name = "ForceTouchSlider-SwiftUIUITests";
			productName = swimilateUITests;
			productReference = 834E1B302A8D27E300DFC49B /* ForceTouchSlider-SwiftUIUITests.xctest */;
			productType = "com.apple.product-type.bundle.ui-testing";
		};
/* End PBXNativeTarget section */

/* Begin PBXProject section */
		834E1B0D2A8D27E100DFC49B /* Project object */ = {
			isa = PBXProject;
			attributes = {
				BuildIndependentTargetsInParallel = 1;
				LastSwiftUpdateCheck = 1500;
				LastUpgradeCheck = 1500;
				TargetAttributes = {
					834E1B142A8D27E100DFC49B = {
						CreatedOnToolsVersion = 15.0;
					};
					834E1B252A8D27E300DFC49B = {
						CreatedOnToolsVersion = 15.0;
						TestTargetID = 834E1B142A8D27E100DFC49B;
					};
					834E1B2F2A8D27E300DFC49B = {
						CreatedOnToolsVersion = 15.0;
						TestTargetID = 834E1B142A8D27E100DFC49B;
					};
				};
			};
			buildConfigurationList = 834E1B102A8D27E100DFC49B /* Build configuration list for PBXProject "ForceTouchSlider-SwiftUI" */;
			compatibilityVersion = "Xcode 14.0";
			developmentRegion = en;
			hasScannedForEncodings = 0;
			knownRegions = (
				en,
				Base,
			);
			mainGroup = 834E1B0C2A8D27E100DFC49B;
			productRefGroup = 834E1B162A8D27E100DFC49B /* Products */;
			projectDirPath = "";
			projectRoot = "";
			targets = (
				834E1B142A8D27E100DFC49B /* ForceTouchSlider-SwiftUI */,
				834E1B252A8D27E300DFC49B /* ForceTouchSlider-SwiftUITests */,
				834E1B2F2A8D27E300DFC49B /* ForceTouchSlider-SwiftUIUITests */,
			);
		};
/* End PBXProject section */

/* Begin PBXResourcesBuildPhase section */
		834E1B132A8D27E100DFC49B /* Resources */ = {
			isa = PBXResourcesBuildPhase;
			buildActionMask = 2147483647;
			files = (
				83B59A922A8D2D780090957C /* Preview Assets.xcassets in Resources */,
				83DEF5572A8DF578002018A1 /* Screenshot 2023-08-17 at 2.25.49 AM.png in Resources */,
				83B59A912A8D2D780090957C /* Assets.xcassets in Resources */,
			);
			runOnlyForDeploymentPostprocessing = 0;
		};
		834E1B242A8D27E300DFC49B /* Resources */ = {
			isa = PBXResourcesBuildPhase;
			buildActionMask = 2147483647;
			files = (
			);
			runOnlyForDeploymentPostprocessing = 0;
		};
		834E1B2E2A8D27E300DFC49B /* Resources */ = {
			isa = PBXResourcesBuildPhase;
			buildActionMask = 2147483647;
			files = (
			);
			runOnlyForDeploymentPostprocessing = 0;
		};
/* End PBXResourcesBuildPhase section */

/* Begin PBXSourcesBuildPhase section */
		834E1B112A8D27E100DFC49B /* Sources */ = {
			isa = PBXSourcesBuildPhase;
			buildActionMask = 2147483647;
			files = (
				834F6FD62A8DF0880079F00A /* ForceTouchSlider-SwiftUIApp.swift in Sources */,
				83B59A942A8D2D780090957C /* ContentView.swift in Sources */,
			);
			runOnlyForDeploymentPostprocessing = 0;
		};
		834E1B222A8D27E300DFC49B /* Sources */ = {
			isa = PBXSourcesBuildPhase;
			buildActionMask = 2147483647;
			files = (
			);
			runOnlyForDeploymentPostprocessing = 0;
		};
		834E1B2C2A8D27E300DFC49B /* Sources */ = {
			isa = PBXSourcesBuildPhase;
			buildActionMask = 2147483647;
			files = (
			);
			runOnlyForDeploymentPostprocessing = 0;
		};
/* End PBXSourcesBuildPhase section */

/* Begin PBXTargetDependency section */
		834E1B282A8D27E300DFC49B /* PBXTargetDependency */ = {
			isa = PBXTargetDependency;
			target = 834E1B142A8D27E100DFC49B /* ForceTouchSlider-SwiftUI */;
			targetProxy = 834E1B272A8D27E300DFC49B /* PBXContainerItemProxy */;
		};
		834E1B322A8D27E300DFC49B /* PBXTargetDependency */ = {
			isa = PBXTargetDependency;
			target = 834E1B142A8D27E100DFC49B /* ForceTouchSlider-SwiftUI */;
			targetProxy = 834E1B312A8D27E300DFC49B /* PBXContainerItemProxy */;
		};
/* End PBXTargetDependency section */

/* Begin XCBuildConfiguration section */
		834E1B382A8D27E300DFC49B /* Debug */ = {
			isa = XCBuildConfiguration;
			buildSettings = {
				ALWAYS_SEARCH_USER_PATHS = NO;
				ASSETCATALOG_COMPILER_GENERATE_SWIFT_ASSET_SYMBOL_EXTENSIONS = YES;
				CLANG_ANALYZER_NONNULL = YES;
				CLANG_ANALYZER_NUMBER_OBJECT_CONVERSION = YES_AGGRESSIVE;
				CLANG_CXX_LANGUAGE_STANDARD = "gnu++20";
				CLANG_ENABLE_MODULES = YES;
				CLANG_ENABLE_OBJC_ARC = YES;
				CLANG_ENABLE_OBJC_WEAK = YES;
				CLANG_WARN_BLOCK_CAPTURE_AUTORELEASING = YES;
				CLANG_WARN_BOOL_CONVERSION = YES;
				CLANG_WARN_COMMA = YES;
				CLANG_WARN_CONSTANT_CONVERSION = YES;
				CLANG_WARN_DEPRECATED_OBJC_IMPLEMENTATIONS = YES;
				CLANG_WARN_DIRECT_OBJC_ISA_USAGE = YES_ERROR;
				CLANG_WARN_DOCUMENTATION_COMMENTS = YES;
				CLANG_WARN_EMPTY_BODY = YES;
				CLANG_WARN_ENUM_CONVERSION = YES;
				CLANG_WARN_INFINITE_RECURSION = YES;
				CLANG_WARN_INT_CONVERSION = YES;
				CLANG_WARN_NON_LITERAL_NULL_CONVERSION = YES;
				CLANG_WARN_OBJC_IMPLICIT_RETAIN_SELF = YES;
				CLANG_WARN_OBJC_LITERAL_CONVERSION = YES;
				CLANG_WARN_OBJC_ROOT_CLASS = YES_ERROR;
				CLANG_WARN_QUOTED_INCLUDE_IN_FRAMEWORK_HEADER = YES;
				CLANG_WARN_RANGE_LOOP_ANALYSIS = YES;
				CLANG_WARN_STRICT_PROTOTYPES = YES;
				CLANG_WARN_SUSPICIOUS_MOVE = YES;
				CLANG_WARN_UNGUARDED_AVAILABILITY = YES_AGGRESSIVE;
				CLANG_WARN_UNREACHABLE_CODE = YES;
				CLANG_WARN__DUPLICATE_METHOD_MATCH = YES;
				COPY_PHASE_STRIP = NO;
				DEBUG_INFORMATION_FORMAT = dwarf;
				ENABLE_STRICT_OBJC_MSGSEND = YES;
				ENABLE_TESTABILITY = YES;
				ENABLE_USER_SCRIPT_SANDBOXING = YES;
				GCC_C_LANGUAGE_STANDARD = gnu17;
				GCC_DYNAMIC_NO_PIC = NO;
				GCC_NO_COMMON_BLOCKS = YES;
				GCC_OPTIMIZATION_LEVEL = 0;
				GCC_PREPROCESSOR_DEFINITIONS = (
					"DEBUG=1",
					"$(inherited)",
				);
				GCC_WARN_64_TO_32_BIT_CONVERSION = YES;
				GCC_WARN_ABOUT_RETURN_TYPE = YES_ERROR;
				GCC_WARN_UNDECLARED_SELECTOR = YES;
				GCC_WARN_UNINITIALIZED_AUTOS = YES_AGGRESSIVE;
				GCC_WARN_UNUSED_FUNCTION = YES;
				GCC_WARN_UNUSED_VARIABLE = YES;
				LOCALIZATION_PREFERS_STRING_CATALOGS = YES;
				MACOSX_DEPLOYMENT_TARGET = 14.0;
				MTL_ENABLE_DEBUG_INFO = INCLUDE_SOURCE;
				MTL_FAST_MATH = YES;
				ONLY_ACTIVE_ARCH = YES;
				SDKROOT = macosx;
				SWIFT_ACTIVE_COMPILATION_CONDITIONS = "DEBUG $(inherited)";
				SWIFT_OPTIMIZATION_LEVEL = "-Onone";
			};
			name = Debug;
		};
		834E1B392A8D27E300DFC49B /* Release */ = {
			isa = XCBuildConfiguration;
			buildSettings = {
				ALWAYS_SEARCH_USER_PATHS = NO;
				ASSETCATALOG_COMPILER_GENERATE_SWIFT_ASSET_SYMBOL_EXTENSIONS = YES;
				CLANG_ANALYZER_NONNULL = YES;
				CLANG_ANALYZER_NUMBER_OBJECT_CONVERSION = YES_AGGRESSIVE;
				CLANG_CXX_LANGUAGE_STANDARD = "gnu++20";
				CLANG_ENABLE_MODULES = YES;
				CLANG_ENABLE_OBJC_ARC = YES;
				CLANG_ENABLE_OBJC_WEAK = YES;
				CLANG_WARN_BLOCK_CAPTURE_AUTORELEASING = YES;
				CLANG_WARN_BOOL_CONVERSION = YES;
				CLANG_WARN_COMMA = YES;
				CLANG_WARN_CONSTANT_CONVERSION = YES;
				CLANG_WARN_DEPRECATED_OBJC_IMPLEMENTATIONS = YES;
				CLANG_WARN_DIRECT_OBJC_ISA_USAGE = YES_ERROR;
				CLANG_WARN_DOCUMENTATION_COMMENTS = YES;
				CLANG_WARN_EMPTY_BODY = YES;
				CLANG_WARN_ENUM_CONVERSION = YES;
				CLANG_WARN_INFINITE_RECURSION = YES;
				CLANG_WARN_INT_CONVERSION = YES;
				CLANG_WARN_NON_LITERAL_NULL_CONVERSION = YES;
				CLANG_WARN_OBJC_IMPLICIT_RETAIN_SELF = YES;
				CLANG_WARN_OBJC_LITERAL_CONVERSION = YES;
				CLANG_WARN_OBJC_ROOT_CLASS = YES_ERROR;
				CLANG_WARN_QUOTED_INCLUDE_IN_FRAMEWORK_HEADER = YES;
				CLANG_WARN_RANGE_LOOP_ANALYSIS = YES;
				CLANG_WARN_STRICT_PROTOTYPES = YES;
				CLANG_WARN_SUSPICIOUS_MOVE = YES;
				CLANG_WARN_UNGUARDED_AVAILABILITY = YES_AGGRESSIVE;
				CLANG_WARN_UNREACHABLE_CODE = YES;
				CLANG_WARN__DUPLICATE_METHOD_MATCH = YES;
				COPY_PHASE_STRIP = NO;
				DEBUG_INFORMATION_FORMAT = "dwarf-with-dsym";
				ENABLE_NS_ASSERTIONS = NO;
				ENABLE_STRICT_OBJC_MSGSEND = YES;
				ENABLE_USER_SCRIPT_SANDBOXING = YES;
				GCC_C_LANGUAGE_STANDARD = gnu17;
				GCC_NO_COMMON_BLOCKS = YES;
				GCC_WARN_64_TO_32_BIT_CONVERSION = YES;
				GCC_WARN_ABOUT_RETURN_TYPE = YES_ERROR;
				GCC_WARN_UNDECLARED_SELECTOR = YES;
				GCC_WARN_UNINITIALIZED_AUTOS = YES_AGGRESSIVE;
				GCC_WARN_UNUSED_FUNCTION = YES;
				GCC_WARN_UNUSED_VARIABLE = YES;
				LOCALIZATION_PREFERS_STRING_CATALOGS = YES;
				MACOSX_DEPLOYMENT_TARGET = 14.0;
				MTL_ENABLE_DEBUG_INFO = NO;
				MTL_FAST_MATH = YES;
				SDKROOT = macosx;
				SWIFT_COMPILATION_MODE = wholemodule;
			};
			name = Release;
		};
		834E1B3B2A8D27E300DFC49B /* Debug */ = {
			isa = XCBuildConfiguration;
			buildSettings = {
				ASSETCATALOG_COMPILER_APPICON_NAME = AppIcon;
				ASSETCATALOG_COMPILER_GLOBAL_ACCENT_COLOR_NAME = AccentColor;
				CODE_SIGN_ENTITLEMENTS = "ForceTouchSlider-SwiftUI/ForceTouchSlider-SwiftUI.entitlements";
				"CODE_SIGN_IDENTITY[sdk=macosx*]" = "-";
				CODE_SIGN_STYLE = Automatic;
				COMBINE_HIDPI_IMAGES = YES;
				CURRENT_PROJECT_VERSION = 1;
				DEVELOPMENT_ASSET_PATHS = "\"ForceTouchSlider-SwiftUI/Preview Content\"";
				DEVELOPMENT_TEAM = 429U9ZSTKA;
				ENABLE_HARDENED_RUNTIME = YES;
				ENABLE_PREVIEWS = YES;
				GENERATE_INFOPLIST_FILE = YES;
				INFOPLIST_KEY_NSHumanReadableCopyright = "";
				LD_RUNPATH_SEARCH_PATHS = (
					"$(inherited)",
					"@executable_path/../Frameworks",
				);
				MACOSX_DEPLOYMENT_TARGET = 12.0;
				MARKETING_VERSION = 1.0;
				PRODUCT_BUNDLE_IDENTIFIER = bigfatcocks.swimilate;
				PRODUCT_NAME = "$(TARGET_NAME)";
				SWIFT_EMIT_LOC_STRINGS = YES;
				SWIFT_VERSION = 5.0;
			};
			name = Debug;
		};
		834E1B3C2A8D27E300DFC49B /* Release */ = {
			isa = XCBuildConfiguration;
			buildSettings = {
				ASSETCATALOG_COMPILER_APPICON_NAME = AppIcon;
				ASSETCATALOG_COMPILER_GLOBAL_ACCENT_COLOR_NAME = AccentColor;
				CODE_SIGN_ENTITLEMENTS = "ForceTouchSlider-SwiftUI/ForceTouchSlider-SwiftUI.entitlements";
				"CODE_SIGN_IDENTITY[sdk=macosx*]" = "-";
				CODE_SIGN_STYLE = Automatic;
				COMBINE_HIDPI_IMAGES = YES;
				CURRENT_PROJECT_VERSION = 1;
				DEVELOPMENT_ASSET_PATHS = "\"ForceTouchSlider-SwiftUI/Preview Content\"";
				DEVELOPMENT_TEAM = 429U9ZSTKA;
				ENABLE_HARDENED_RUNTIME = YES;
				ENABLE_PREVIEWS = YES;
				GENERATE_INFOPLIST_FILE = YES;
				INFOPLIST_KEY_NSHumanReadableCopyright = "";
				LD_RUNPATH_SEARCH_PATHS = (
					"$(inherited)",
					"@executable_path/../Frameworks",
				);
				MACOSX_DEPLOYMENT_TARGET = 12.0;
				MARKETING_VERSION = 1.0;
				PRODUCT_BUNDLE_IDENTIFIER = bigfatcocks.swimilate;
				PRODUCT_NAME = "$(TARGET_NAME)";
				SWIFT_EMIT_LOC_STRINGS = YES;
				SWIFT_VERSION = 5.0;
			};
			name = Release;
		};
		834E1B3E2A8D27E300DFC49B /* Debug */ = {
			isa = XCBuildConfiguration;
			buildSettings = {
				ALWAYS_EMBED_SWIFT_STANDARD_LIBRARIES = YES;
				BUNDLE_LOADER = "$(TEST_HOST)";
				CODE_SIGN_STYLE = Automatic;
				CURRENT_PROJECT_VERSION = 1;
				DEVELOPMENT_TEAM = 429U9ZSTKA;
				GENERATE_INFOPLIST_FILE = YES;
				MACOSX_DEPLOYMENT_TARGET = 14.0;
				MARKETING_VERSION = 1.0;
				PRODUCT_BUNDLE_IDENTIFIER = bigfatcocks.swimilateTests;
				PRODUCT_NAME = "$(TARGET_NAME)";
				SWIFT_EMIT_LOC_STRINGS = NO;
				SWIFT_VERSION = 5.0;
				TEST_HOST = "$(BUILT_PRODUCTS_DIR)/ForceTouchSlider-SwiftUI.app/$(BUNDLE_EXECUTABLE_FOLDER_PATH)/ForceTouchSlider-SwiftUI";
			};
			name = Debug;
		};
		834E1B3F2A8D27E300DFC49B /* Release */ = {
			isa = XCBuildConfiguration;
			buildSettings = {
				ALWAYS_EMBED_SWIFT_STANDARD_LIBRARIES = YES;
				BUNDLE_LOADER = "$(TEST_HOST)";
				CODE_SIGN_STYLE = Automatic;
				CURRENT_PROJECT_VERSION = 1;
				DEVELOPMENT_TEAM = 429U9ZSTKA;
				GENERATE_INFOPLIST_FILE = YES;
				MACOSX_DEPLOYMENT_TARGET = 14.0;
				MARKETING_VERSION = 1.0;
				PRODUCT_BUNDLE_IDENTIFIER = bigfatcocks.swimilateTests;
				PRODUCT_NAME = "$(TARGET_NAME)";
				SWIFT_EMIT_LOC_STRINGS = NO;
				SWIFT_VERSION = 5.0;
				TEST_HOST = "$(BUILT_PRODUCTS_DIR)/ForceTouchSlider-SwiftUI.app/$(BUNDLE_EXECUTABLE_FOLDER_PATH)/ForceTouchSlider-SwiftUI";
			};
			name = Release;
		};
		834E1B412A8D27E300DFC49B /* Debug */ = {
			isa = XCBuildConfiguration;
			buildSettings = {
				ALWAYS_EMBED_SWIFT_STANDARD_LIBRARIES = YES;
				CODE_SIGN_STYLE = Automatic;
				CURRENT_PROJECT_VERSION = 1;
				DEVELOPMENT_TEAM = 429U9ZSTKA;
				GENERATE_INFOPLIST_FILE = YES;
				MARKETING_VERSION = 1.0;
				PRODUCT_BUNDLE_IDENTIFIER = bigfatcocks.swimilateUITests;
				PRODUCT_NAME = "$(TARGET_NAME)";
				SWIFT_EMIT_LOC_STRINGS = NO;
				SWIFT_VERSION = 5.0;
				TEST_TARGET_NAME = swimilate;
			};
			name = Debug;
		};
		834E1B422A8D27E300DFC49B /* Release */ = {
			isa = XCBuildConfiguration;
			buildSettings = {
				ALWAYS_EMBED_SWIFT_STANDARD_LIBRARIES = YES;
				CODE_SIGN_STYLE = Automatic;
				CURRENT_PROJECT_VERSION = 1;
				DEVELOPMENT_TEAM = 429U9ZSTKA;
				GENERATE_INFOPLIST_FILE = YES;
				MARKETING_VERSION = 1.0;
				PRODUCT_BUNDLE_IDENTIFIER = bigfatcocks.swimilateUITests;
				PRODUCT_NAME = "$(TARGET_NAME)";
				SWIFT_EMIT_LOC_STRINGS = NO;
				SWIFT_VERSION = 5.0;
				TEST_TARGET_NAME = swimilate;
			};
			name = Release;
		};
/* End XCBuildConfiguration section */

/* Begin XCConfigurationList section */
		834E1B102A8D27E100DFC49B /* Build configuration list for PBXProject "ForceTouchSlider-SwiftUI" */ = {
			isa = XCConfigurationList;
			buildConfigurations = (
				834E1B382A8D27E300DFC49B /* Debug */,
				834E1B392A8D27E300DFC49B /* Release */,
			);
			defaultConfigurationIsVisible = 0;
			defaultConfigurationName = Release;
		};
		834E1B3A2A8D27E300DFC49B /* Build configuration list for PBXNativeTarget "ForceTouchSlider-SwiftUI" */ = {
			isa = XCConfigurationList;
			buildConfigurations = (
				834E1B3B2A8D27E300DFC49B /* Debug */,
				834E1B3C2A8D27E300DFC49B /* Release */,
			);
			defaultConfigurationIsVisible = 0;
			defaultConfigurationName = Release;
		};
		834E1B3D2A8D27E300DFC49B /* Build configuration list for PBXNativeTarget "ForceTouchSlider-SwiftUITests" */ = {
			isa = XCConfigurationList;
			buildConfigurations = (
				834E1B3E2A8D27E300DFC49B /* Debug */,
				834E1B3F2A8D27E300DFC49B /* Release */,
			);
			defaultConfigurationIsVisible = 0;
			defaultConfigurationName = Release;
		};
		834E1B402A8D27E300DFC49B /* Build configuration list for PBXNativeTarget "ForceTouchSlider-SwiftUIUITests" */ = {
			isa = XCConfigurationList;
			buildConfigurations = (
				834E1B412A8D27E300DFC49B /* Debug */,
				834E1B422A8D27E300DFC49B /* Release */,
			);
			defaultConfigurationIsVisible = 0;
			defaultConfigurationName = Release;
		};
/* End XCConfigurationList section */
	};
	rootObject = 834E1B0D2A8D27E100DFC49B /* Project object */;
}
