// !$*UTF8*$!
{
	archiveVersion = 1;
	classes = {
	};
	objectVersion = 56;
	objects = {

/* Begin PBXBuildFile section */
		834F6FE42A8DF2610079F00A /* ForceTouchSlider_SwiftUIApp.swift in Sources */ = {isa = PBXBuildFile; fileRef = 834F6FE32A8DF2610079F00A /* ForceTouchSlider_SwiftUIApp.swift */; };
		834F6FE62A8DF2610079F00A /* ContentView.swift in Sources */ = {isa = PBXBuildFile; fileRef = 834F6FE52A8DF2610079F00A /* ContentView.swift */; };
		834F6FE82A8DF2620079F00A /* Assets.xcassets in Resources */ = {isa = PBXBuildFile; fileRef = 834F6FE72A8DF2620079F00A /* Assets.xcassets */; };
		834F6FEB2A8DF2620079F00A /* Preview Assets.xcassets in Resources */ = {isa = PBXBuildFile; fileRef = 834F6FEA2A8DF2620079F00A /* Preview Assets.xcassets */; };
		83DEF55A2A8DF62C002018A1 /* Screenshot 2023-08-17 at 2.25.49 AM.png in Resources */ = {isa = PBXBuildFile; fileRef = 83DEF5592A8DF62C002018A1 /* Screenshot 2023-08-17 at 2.25.49 AM.png */; };
/* End PBXBuildFile section */

/* Begin PBXFileReference section */
		834F6FE02A8DF2610079F00A /* ForceTouchSlider-SwiftUI.app */ = {isa = PBXFileReference; explicitFileType = wrapper.application; includeInIndex = 0; path = "ForceTouchSlider-SwiftUI.app"; sourceTree = BUILT_PRODUCTS_DIR; };
		834F6FE32A8DF2610079F00A /* ForceTouchSlider_SwiftUIApp.swift */ = {isa = PBXFileReference; lastKnownFileType = sourcecode.swift; path = ForceTouchSlider_SwiftUIApp.swift; sourceTree = "<group>"; };
		834F6FE52A8DF2610079F00A /* ContentView.swift */ = {isa = PBXFileReference; lastKnownFileType = sourcecode.swift; path = ContentView.swift; sourceTree = "<group>"; };
		834F6FE72A8DF2620079F00A /* Assets.xcassets */ = {isa = PBXFileReference; lastKnownFileType = folder.assetcatalog; path = Assets.xcassets; sourceTree = "<group>"; };
		834F6FEA2A8DF2620079F00A /* Preview Assets.xcassets */ = {isa = PBXFileReference; lastKnownFileType = folder.assetcatalog; path = "Preview Assets.xcassets"; sourceTree = "<group>"; };
		834F6FEC2A8DF2620079F00A /* ForceTouchSlider_SwiftUI.entitlements */ = {isa = PBXFileReference; lastKnownFileType = text.plist.entitlements; path = ForceTouchSlider_SwiftUI.entitlements; sourceTree = "<group>"; };
		83DEF5592A8DF62C002018A1 /* Screenshot 2023-08-17 at 2.25.49 AM.png */ = {isa = PBXFileReference; lastKnownFileType = image.png; path = "Screenshot 2023-08-17 at 2.25.49 AM.png"; sourceTree = "<group>"; };
/* End PBXFileReference section */

/* Begin PBXFrameworksBuildPhase section */
		834F6FDD2A8DF2610079F00A /* Frameworks */ = {
			isa = PBXFrameworksBuildPhase;
			buildActionMask = 2147483647;
			files = (
			);
			runOnlyForDeploymentPostprocessing = 0;
		};
/* End PBXFrameworksBuildPhase section */

/* Begin PBXGroup section */
		834F6FD72A8DF2610079F00A = {
			isa = PBXGroup;
			children = (
				83DEF5582A8DF62C002018A1 /* pics */,
				834F6FE22A8DF2610079F00A /* ForceTouchSlider-SwiftUI */,
				834F6FE12A8DF2610079F00A /* Products */,
			);
			sourceTree = "<group>";
		};
		834F6FE12A8DF2610079F00A /* Products */ = {
			isa = PBXGroup;
			children = (
				834F6FE02A8DF2610079F00A /* ForceTouchSlider-SwiftUI.app */,
			);
			name = Products;
			sourceTree = "<group>";
		};
		834F6FE22A8DF2610079F00A /* ForceTouchSlider-SwiftUI */ = {
			isa = PBXGroup;
			children = (
				834F6FE32A8DF2610079F00A /* ForceTouchSlider_SwiftUIApp.swift */,
				834F6FE52A8DF2610079F00A /* ContentView.swift */,
				834F6FE72A8DF2620079F00A /* Assets.xcassets */,
				834F6FEC2A8DF2620079F00A /* ForceTouchSlider_SwiftUI.entitlements */,
				834F6FE92A8DF2620079F00A /* Preview Content */,
			);
			path = "ForceTouchSlider-SwiftUI";
			sourceTree = "<group>";
		};
		834F6FE92A8DF2620079F00A /* Preview Content */ = {
			isa = PBXGroup;
			children = (
				834F6FEA2A8DF2620079F00A /* Preview Assets.xcassets */,
			);
			path = "Preview Content";
			sourceTree = "<group>";
		};
		83DEF5582A8DF62C002018A1 /* pics */ = {
			isa = PBXGroup;
			children = (
				83DEF5592A8DF62C002018A1 /* Screenshot 2023-08-17 at 2.25.49 AM.png */,
			);
			path = pics;
			sourceTree = "<group>";
		};
/* End PBXGroup section */

/* Begin PBXNativeTarget section */
		834F6FDF2A8DF2610079F00A /* ForceTouchSlider-SwiftUI */ = {
			isa = PBXNativeTarget;
			buildConfigurationList = 834F6FEF2A8DF2620079F00A /* Build configuration list for PBXNativeTarget "ForceTouchSlider-SwiftUI" */;
			buildPhases = (
				834F6FDC2A8DF2610079F00A /* Sources */,
				834F6FDD2A8DF2610079F00A /* Frameworks */,
				834F6FDE2A8DF2610079F00A /* Resources */,
			);
			buildRules = (
			);
			dependencies = (
			);
			name = "ForceTouchSlider-SwiftUI";
			productName = "ForceTouchSlider-SwiftUI";
			productReference = 834F6FE02A8DF2610079F00A /* ForceTouchSlider-SwiftUI.app */;
			productType = "com.apple.product-type.application";
		};
/* End PBXNativeTarget section */

/* Begin PBXProject section */
		834F6FD82A8DF2610079F00A /* Project object */ = {
			isa = PBXProject;
			attributes = {
				BuildIndependentTargetsInParallel = 1;
				LastSwiftUpdateCheck = 1500;
				LastUpgradeCheck = 1500;
				TargetAttributes = {
					834F6FDF2A8DF2610079F00A = {
						CreatedOnToolsVersion = 15.0;
					};
				};
			};
			buildConfigurationList = 834F6FDB2A8DF2610079F00A /* Build configuration list for PBXProject "ForceTouchSlider-SwiftUI" */;
			compatibilityVersion = "Xcode 14.0";
			developmentRegion = en;
			hasScannedForEncodings = 0;
			knownRegions = (
				en,
				Base,
			);
			mainGroup = 834F6FD72A8DF2610079F00A;
			productRefGroup = 834F6FE12A8DF2610079F00A /* Products */;
			projectDirPath = "";
			projectRoot = "";
			targets = (
				834F6FDF2A8DF2610079F00A /* ForceTouchSlider-SwiftUI */,
			);
		};
/* End PBXProject section */

/* Begin PBXResourcesBuildPhase section */
		834F6FDE2A8DF2610079F00A /* Resources */ = {
			isa = PBXResourcesBuildPhase;
			buildActionMask = 2147483647;
			files = (
				834F6FEB2A8DF2620079F00A /* Preview Assets.xcassets in Resources */,
				83DEF55A2A8DF62C002018A1 /* Screenshot 2023-08-17 at 2.25.49 AM.png in Resources */,
				834F6FE82A8DF2620079F00A /* Assets.xcassets in Resources */,
			);
			runOnlyForDeploymentPostprocessing = 0;
		};
/* End PBXResourcesBuildPhase section */

/* Begin PBXSourcesBuildPhase section */
		834F6FDC2A8DF2610079F00A /* Sources */ = {
			isa = PBXSourcesBuildPhase;
			buildActionMask = 2147483647;
			files = (
				834F6FE62A8DF2610079F00A /* ContentView.swift in Sources */,
				834F6FE42A8DF2610079F00A /* ForceTouchSlider_SwiftUIApp.swift in Sources */,
			);
			runOnlyForDeploymentPostprocessing = 0;
		};
/* End PBXSourcesBuildPhase section */

/* Begin XCBuildConfiguration section */
		834F6FED2A8DF2620079F00A /* Debug */ = {
			isa = XCBuildConfiguration;
			buildSettings = {
				ALWAYS_SEARCH_USER_PATHS = NO;
				ASSETCATALOG_COMPILER_GENERATE_SWIFT_ASSET_SYMBOL_EXTENSIONS = YES;
				CLANG_ANALYZER_NONNULL = YES;
				CLANG_ANALYZER_NUMBER_OBJECT_CONVERSION = YES_AGGRESSIVE;
				CLANG_CXX_LANGUAGE_STANDARD = "gnu++20";
				CLANG_ENABLE_MODULES = YES;
				CLANG_ENABLE_OBJC_ARC = YES;
				CLANG_ENABLE_OBJC_WEAK = YES;
				CLANG_WARN_BLOCK_CAPTURE_AUTORELEASING = YES;
				CLANG_WARN_BOOL_CONVERSION = YES;
				CLANG_WARN_COMMA = YES;
				CLANG_WARN_CONSTANT_CONVERSION = YES;
				CLANG_WARN_DEPRECATED_OBJC_IMPLEMENTATIONS = YES;
				CLANG_WARN_DIRECT_OBJC_ISA_USAGE = YES_ERROR;
				CLANG_WARN_DOCUMENTATION_COMMENTS = YES;
				CLANG_WARN_EMPTY_BODY = YES;
				CLANG_WARN_ENUM_CONVERSION = YES;
				CLANG_WARN_INFINITE_RECURSION = YES;
				CLANG_WARN_INT_CONVERSION = YES;
				CLANG_WARN_NON_LITERAL_NULL_CONVERSION = YES;
				CLANG_WARN_OBJC_IMPLICIT_RETAIN_SELF = YES;
				CLANG_WARN_OBJC_LITERAL_CONVERSION = YES;
				CLANG_WARN_OBJC_ROOT_CLASS = YES_ERROR;
				CLANG_WARN_QUOTED_INCLUDE_IN_FRAMEWORK_HEADER = YES;
				CLANG_WARN_RANGE_LOOP_ANALYSIS = YES;
				CLANG_WARN_STRICT_PROTOTYPES = YES;
				CLANG_WARN_SUSPICIOUS_MOVE = YES;
				CLANG_WARN_UNGUARDED_AVAILABILITY = YES_AGGRESSIVE;
				CLANG_WARN_UNREACHABLE_CODE = YES;
				CLANG_WARN__DUPLICATE_METHOD_MATCH = YES;
				COPY_PHASE_STRIP = NO;
				DEBUG_INFORMATION_FORMAT = dwarf;
				ENABLE_STRICT_OBJC_MSGSEND = YES;
				ENABLE_TESTABILITY = YES;
				ENABLE_USER_SCRIPT_SANDBOXING = YES;
				GCC_C_LANGUAGE_STANDARD = gnu17;
				GCC_DYNAMIC_NO_PIC = NO;
				GCC_NO_COMMON_BLOCKS = YES;
				GCC_OPTIMIZATION_LEVEL = 0;
				GCC_PREPROCESSOR_DEFINITIONS = (
					"DEBUG=1",
					"$(inherited)",
				);
				GCC_WARN_64_TO_32_BIT_CONVERSION = YES;
				GCC_WARN_ABOUT_RETURN_TYPE = YES_ERROR;
				GCC_WARN_UNDECLARED_SELECTOR = YES;
				GCC_WARN_UNINITIALIZED_AUTOS = YES_AGGRESSIVE;
				GCC_WARN_UNUSED_FUNCTION = YES;
				GCC_WARN_UNUSED_VARIABLE = YES;
				LOCALIZATION_PREFERS_STRING_CATALOGS = YES;
				MACOSX_DEPLOYMENT_TARGET = 14.0;
				MTL_ENABLE_DEBUG_INFO = INCLUDE_SOURCE;
				MTL_FAST_MATH = YES;
				ONLY_ACTIVE_ARCH = YES;
				SDKROOT = macosx;
				SWIFT_ACTIVE_COMPILATION_CONDITIONS = "DEBUG $(inherited)";
				SWIFT_OPTIMIZATION_LEVEL = "-Onone";
			};
			name = Debug;
		};
		834F6FEE2A8DF2620079F00A /* Release */ = {
			isa = XCBuildConfiguration;
			buildSettings = {
				ALWAYS_SEARCH_USER_PATHS = NO;
				ASSETCATALOG_COMPILER_GENERATE_SWIFT_ASSET_SYMBOL_EXTENSIONS = YES;
				CLANG_ANALYZER_NONNULL = YES;
				CLANG_ANALYZER_NUMBER_OBJECT_CONVERSION = YES_AGGRESSIVE;
				CLANG_CXX_LANGUAGE_STANDARD = "gnu++20";
				CLANG_ENABLE_MODULES = YES;
				CLANG_ENABLE_OBJC_ARC = YES;
				CLANG_ENABLE_OBJC_WEAK = YES;
				CLANG_WARN_BLOCK_CAPTURE_AUTORELEASING = YES;
				CLANG_WARN_BOOL_CONVERSION = YES;
				CLANG_WARN_COMMA = YES;
				CLANG_WARN_CONSTANT_CONVERSION = YES;
				CLANG_WARN_DEPRECATED_OBJC_IMPLEMENTATIONS = YES;
				CLANG_WARN_DIRECT_OBJC_ISA_USAGE = YES_ERROR;
				CLANG_WARN_DOCUMENTATION_COMMENTS = YES;
				CLANG_WARN_EMPTY_BODY = YES;
				CLANG_WARN_ENUM_CONVERSION = YES;
				CLANG_WARN_INFINITE_RECURSION = YES;
				CLANG_WARN_INT_CONVERSION = YES;
				CLANG_WARN_NON_LITERAL_NULL_CONVERSION = YES;
				CLANG_WARN_OBJC_IMPLICIT_RETAIN_SELF = YES;
				CLANG_WARN_OBJC_LITERAL_CONVERSION = YES;
				CLANG_WARN_OBJC_ROOT_CLASS = YES_ERROR;
				CLANG_WARN_QUOTED_INCLUDE_IN_FRAMEWORK_HEADER = YES;
				CLANG_WARN_RANGE_LOOP_ANALYSIS = YES;
				CLANG_WARN_STRICT_PROTOTYPES = YES;
				CLANG_WARN_SUSPICIOUS_MOVE = YES;
				CLANG_WARN_UNGUARDED_AVAILABILITY = YES_AGGRESSIVE;
				CLANG_WARN_UNREACHABLE_CODE = YES;
				CLANG_WARN__DUPLICATE_METHOD_MATCH = YES;
				COPY_PHASE_STRIP = NO;
				DEBUG_INFORMATION_FORMAT = "dwarf-with-dsym";
				ENABLE_NS_ASSERTIONS = NO;
				ENABLE_STRICT_OBJC_MSGSEND = YES;
				ENABLE_USER_SCRIPT_SANDBOXING = YES;
				GCC_C_LANGUAGE_STANDARD = gnu17;
				GCC_NO_COMMON_BLOCKS = YES;
				GCC_WARN_64_TO_32_BIT_CONVERSION = YES;
				GCC_WARN_ABOUT_RETURN_TYPE = YES_ERROR;
				GCC_WARN_UNDECLARED_SELECTOR = YES;
				GCC_WARN_UNINITIALIZED_AUTOS = YES_AGGRESSIVE;
				GCC_WARN_UNUSED_FUNCTION = YES;
				GCC_WARN_UNUSED_VARIABLE = YES;
				LOCALIZATION_PREFERS_STRING_CATALOGS = YES;
				MACOSX_DEPLOYMENT_TARGET = 14.0;
				MTL_ENABLE_DEBUG_INFO = NO;
				MTL_FAST_MATH = YES;
				SDKROOT = macosx;
				SWIFT_COMPILATION_MODE = wholemodule;
			};
			name = Release;
		};
		834F6FF02A8DF2620079F00A /* Debug */ = {
			isa = XCBuildConfiguration;
			buildSettings = {
				ASSETCATALOG_COMPILER_APPICON_NAME = AppIcon;
				ASSETCATALOG_COMPILER_GLOBAL_ACCENT_COLOR_NAME = AccentColor;
				CODE_SIGN_ENTITLEMENTS = "ForceTouchSlider-SwiftUI/ForceTouchSlider_SwiftUI.entitlements";
				CODE_SIGN_STYLE = Automatic;
				COMBINE_HIDPI_IMAGES = YES;
				CURRENT_PROJECT_VERSION = 1;
				DEVELOPMENT_ASSET_PATHS = "\"ForceTouchSlider-SwiftUI/Preview Content\"";
				DEVELOPMENT_TEAM = 429U9ZSTKA;
				ENABLE_HARDENED_RUNTIME = YES;
				ENABLE_PREVIEWS = YES;
				GENERATE_INFOPLIST_FILE = YES;
				INFOPLIST_KEY_NSHumanReadableCopyright = "";
				LD_RUNPATH_SEARCH_PATHS = (
					"$(inherited)",
					"@executable_path/../Frameworks",
				);
				MARKETING_VERSION = 1.0;
				PRODUCT_BUNDLE_IDENTIFIER = "bigfatcocks.ForceTouchSlider-SwiftUI";
				PRODUCT_NAME = "$(TARGET_NAME)";
				SWIFT_EMIT_LOC_STRINGS = YES;
				SWIFT_VERSION = 5.0;
			};
			name = Debug;
		};
		834F6FF12A8DF2620079F00A /* Release */ = {
			isa = XCBuildConfiguration;
			buildSettings = {
				ASSETCATALOG_COMPILER_APPICON_NAME = AppIcon;
				ASSETCATALOG_COMPILER_GLOBAL_ACCENT_COLOR_NAME = AccentColor;
				CODE_SIGN_ENTITLEMENTS = "ForceTouchSlider-SwiftUI/ForceTouchSlider_SwiftUI.entitlements";
				CODE_SIGN_STYLE = Automatic;
				COMBINE_HIDPI_IMAGES = YES;
				CURRENT_PROJECT_VERSION = 1;
				DEVELOPMENT_ASSET_PATHS = "\"ForceTouchSlider-SwiftUI/Preview Content\"";
				DEVELOPMENT_TEAM = 429U9ZSTKA;
				ENABLE_HARDENED_RUNTIME = YES;
				ENABLE_PREVIEWS = YES;
				GENERATE_INFOPLIST_FILE = YES;
				INFOPLIST_KEY_NSHumanReadableCopyright = "";
				LD_RUNPATH_SEARCH_PATHS = (
					"$(inherited)",
					"@executable_path/../Frameworks",
				);
				MARKETING_VERSION = 1.0;
				PRODUCT_BUNDLE_IDENTIFIER = "bigfatcocks.ForceTouchSlider-SwiftUI";
				PRODUCT_NAME = "$(TARGET_NAME)";
				SWIFT_EMIT_LOC_STRINGS = YES;
				SWIFT_VERSION = 5.0;
			};
			name = Release;
		};
/* End XCBuildConfiguration section */

/* Begin XCConfigurationList section */
		834F6FDB2A8DF2610079F00A /* Build configuration list for PBXProject "ForceTouchSlider-SwiftUI" */ = {
			isa = XCConfigurationList;
			buildConfigurations = (
				834F6FED2A8DF2620079F00A /* Debug */,
				834F6FEE2A8DF2620079F00A /* Release */,
			);
			defaultConfigurationIsVisible = 0;
			defaultConfigurationName = Release;
		};
		834F6FEF2A8DF2620079F00A /* Build configuration list for PBXNativeTarget "ForceTouchSlider-SwiftUI" */ = {
			isa = XCConfigurationList;
			buildConfigurations = (
				834F6FF02A8DF2620079F00A /* Debug */,
				834F6FF12A8DF2620079F00A /* Release */,
			);
			defaultConfigurationIsVisible = 0;
			defaultConfigurationName = Release;
		};
/* End XCConfigurationList section */
	};
	rootObject = 834F6FD82A8DF2610079F00A /* Project object */;
}
